
Microsoft Visual Studio Solution File, Format Version 12.00
# Visual Studio Version 17
VisualStudioVersion = 17.8.34330.188
MinimumVisualStudioVersion = 10.0.40219.1
Project("{FAE04EC0-301F-11D3-BF4B-00C04F79EFBC}") = "String", "String\String.csproj", "{9553BAEC-1B3E-48B3-B286-E7581780F3F2}"
EndProject
Global
	GlobalSection(SolutionConfigurationPlatforms) = preSolution
		Debug|Any CPU = Debug|Any CPU
		Release|Any CPU = Release|Any CPU
	EndGlobalSection
	GlobalSection(ProjectConfigurationPlatforms) = postSolution
		{9553BAEC-1B3E-48B3-B286-E7581780F3F2}.Debug|Any CPU.ActiveCfg = Debug|Any CPU
		{9553BAEC-1B3E-48B3-B286-E7581780F3F2}.Debug|Any CPU.Build.0 = Debug|Any CPU
		{9553BAEC-1B3E-48B3-B286-E7581780F3F2}.Release|Any CPU.ActiveCfg = Release|Any CPU
		{9553BAEC-1B3E-48B3-B286-E7581780F3F2}.Release|Any CPU.Build.0 = Release|Any CPU
	EndGlobalSection
	GlobalSection(SolutionProperties) = preSolution
		HideSolutionNode = FALSE
	EndGlobalSection
	GlobalSection(ExtensibilityGlobals) = postSolution
		SolutionGuid = {854AAF44-3B3A-43A3-A549-2DB609C7468C}
	EndGlobalSection
EndGlobal
